// !$*UTF8*$!
{
	archiveVersion = 1;
	classes = {
	};
	objectVersion = 56;
	objects = {

/* Begin PBXBuildFile section */
		A21A28792A73F96D006735FA /* FlowControllerModalApp.swift in Sources */ = {isa = PBXBuildFile; fileRef = A21A28782A73F96D006735FA /* FlowControllerModalApp.swift */; };
		A21A287B2A73F96D006735FA /* ContentView.swift in Sources */ = {isa = PBXBuildFile; fileRef = A21A287A2A73F96D006735FA /* ContentView.swift */; };
		A21A287D2A73F971006735FA /* Assets.xcassets in Resources */ = {isa = PBXBuildFile; fileRef = A21A287C2A73F971006735FA /* Assets.xcassets */; };
		A21A28802A73F971006735FA /* Preview Assets.xcassets in Resources */ = {isa = PBXBuildFile; fileRef = A21A287F2A73F971006735FA /* Preview Assets.xcassets */; };
		A21A288A2A73F971006735FA /* FlowControllerModalTests.swift in Sources */ = {isa = PBXBuildFile; fileRef = A21A28892A73F971006735FA /* FlowControllerModalTests.swift */; };
		A21A28942A73F972006735FA /* FlowControllerModalUITests.swift in Sources */ = {isa = PBXBuildFile; fileRef = A21A28932A73F972006735FA /* FlowControllerModalUITests.swift */; };
		A21A28962A73F972006735FA /* FlowControllerModalUITestsLaunchTests.swift in Sources */ = {isa = PBXBuildFile; fileRef = A21A28952A73F972006735FA /* FlowControllerModalUITestsLaunchTests.swift */; };
		A21A28A32A73F98D006735FA /* FlowController.swift in Sources */ = {isa = PBXBuildFile; fileRef = A21A28A22A73F98D006735FA /* FlowController.swift */; };
		A21A28A52A73F9BB006735FA /* HostingController.swift in Sources */ = {isa = PBXBuildFile; fileRef = A21A28A42A73F9BB006735FA /* HostingController.swift */; };
		A21A28A72A73F9D6006735FA /* UIViewController+Content.swift in Sources */ = {isa = PBXBuildFile; fileRef = A21A28A62A73F9D6006735FA /* UIViewController+Content.swift */; };
		A21A28A92A73F9F7006735FA /* UIViewControllerAdaptor.swift in Sources */ = {isa = PBXBuildFile; fileRef = A21A28A82A73F9F7006735FA /* UIViewControllerAdaptor.swift */; };
		A21A28AB2A73FA0C006735FA /* FirstFlowController.swift in Sources */ = {isa = PBXBuildFile; fileRef = A21A28AA2A73FA0C006735FA /* FirstFlowController.swift */; };
		A21A28AE2A73FA20006735FA /* FirstScreen.swift in Sources */ = {isa = PBXBuildFile; fileRef = A21A28AD2A73FA20006735FA /* FirstScreen.swift */; };
		A21A28B02A73FA36006735FA /* FirstViewModel.swift in Sources */ = {isa = PBXBuildFile; fileRef = A21A28AF2A73FA36006735FA /* FirstViewModel.swift */; };
		A21A28B32A73FA75006735FA /* SecondViewModel.swift in Sources */ = {isa = PBXBuildFile; fileRef = A21A28B22A73FA75006735FA /* SecondViewModel.swift */; };
		A21A28B52A73FA8D006735FA /* SecondScreen.swift in Sources */ = {isa = PBXBuildFile; fileRef = A21A28B42A73FA8D006735FA /* SecondScreen.swift */; };
		A21A28B72A73FAB7006735FA /* SecondFlowController.swift in Sources */ = {isa = PBXBuildFile; fileRef = A21A28B62A73FAB7006735FA /* SecondFlowController.swift */; };
/* End PBXBuildFile section */

/* Begin PBXContainerItemProxy section */
		A21A28862A73F971006735FA /* PBXContainerItemProxy */ = {
			isa = PBXContainerItemProxy;
			containerPortal = A21A286D2A73F96D006735FA /* Project object */;
			proxyType = 1;
			remoteGlobalIDString = A21A28742A73F96D006735FA;
			remoteInfo = FlowControllerModal;
		};
		A21A28902A73F972006735FA /* PBXContainerItemProxy */ = {
			isa = PBXContainerItemProxy;
			containerPortal = A21A286D2A73F96D006735FA /* Project object */;
			proxyType = 1;
			remoteGlobalIDString = A21A28742A73F96D006735FA;
			remoteInfo = FlowControllerModal;
		};
/* End PBXContainerItemProxy section */

/* Begin PBXFileReference section */
		A21A28752A73F96D006735FA /* FlowControllerModal.app */ = {isa = PBXFileReference; explicitFileType = wrapper.application; includeInIndex = 0; path = FlowControllerModal.app; sourceTree = BUILT_PRODUCTS_DIR; };
		A21A28782A73F96D006735FA /* FlowControllerModalApp.swift */ = {isa = PBXFileReference; lastKnownFileType = sourcecode.swift; path = FlowControllerModalApp.swift; sourceTree = "<group>"; };
		A21A287A2A73F96D006735FA /* ContentView.swift */ = {isa = PBXFileReference; lastKnownFileType = sourcecode.swift; path = ContentView.swift; sourceTree = "<group>"; };
		A21A287C2A73F971006735FA /* Assets.xcassets */ = {isa = PBXFileReference; lastKnownFileType = folder.assetcatalog; path = Assets.xcassets; sourceTree = "<group>"; };
		A21A287F2A73F971006735FA /* Preview Assets.xcassets */ = {isa = PBXFileReference; lastKnownFileType = folder.assetcatalog; path = "Preview Assets.xcassets"; sourceTree = "<group>"; };
		A21A28852A73F971006735FA /* FlowControllerModalTests.xctest */ = {isa = PBXFileReference; explicitFileType = wrapper.cfbundle; includeInIndex = 0; path = FlowControllerModalTests.xctest; sourceTree = BUILT_PRODUCTS_DIR; };
		A21A28892A73F971006735FA /* FlowControllerModalTests.swift */ = {isa = PBXFileReference; lastKnownFileType = sourcecode.swift; path = FlowControllerModalTests.swift; sourceTree = "<group>"; };
		A21A288F2A73F972006735FA /* FlowControllerModalUITests.xctest */ = {isa = PBXFileReference; explicitFileType = wrapper.cfbundle; includeInIndex = 0; path = FlowControllerModalUITests.xctest; sourceTree = BUILT_PRODUCTS_DIR; };
		A21A28932A73F972006735FA /* FlowControllerModalUITests.swift */ = {isa = PBXFileReference; lastKnownFileType = sourcecode.swift; path = FlowControllerModalUITests.swift; sourceTree = "<group>"; };
		A21A28952A73F972006735FA /* FlowControllerModalUITestsLaunchTests.swift */ = {isa = PBXFileReference; lastKnownFileType = sourcecode.swift; path = FlowControllerModalUITestsLaunchTests.swift; sourceTree = "<group>"; };
		A21A28A22A73F98D006735FA /* FlowController.swift */ = {isa = PBXFileReference; lastKnownFileType = sourcecode.swift; path = FlowController.swift; sourceTree = "<group>"; };
		A21A28A42A73F9BB006735FA /* HostingController.swift */ = {isa = PBXFileReference; lastKnownFileType = sourcecode.swift; path = HostingController.swift; sourceTree = "<group>"; };
		A21A28A62A73F9D6006735FA /* UIViewController+Content.swift */ = {isa = PBXFileReference; lastKnownFileType = sourcecode.swift; path = "UIViewController+Content.swift"; sourceTree = "<group>"; };
		A21A28A82A73F9F7006735FA /* UIViewControllerAdaptor.swift */ = {isa = PBXFileReference; lastKnownFileType = sourcecode.swift; path = UIViewControllerAdaptor.swift; sourceTree = "<group>"; };
		A21A28AA2A73FA0C006735FA /* FirstFlowController.swift */ = {isa = PBXFileReference; lastKnownFileType = sourcecode.swift; path = FirstFlowController.swift; sourceTree = "<group>"; };
		A21A28AD2A73FA20006735FA /* FirstScreen.swift */ = {isa = PBXFileReference; lastKnownFileType = sourcecode.swift; path = FirstScreen.swift; sourceTree = "<group>"; };
		A21A28AF2A73FA36006735FA /* FirstViewModel.swift */ = {isa = PBXFileReference; lastKnownFileType = sourcecode.swift; path = FirstViewModel.swift; sourceTree = "<group>"; };
		A21A28B22A73FA75006735FA /* SecondViewModel.swift */ = {isa = PBXFileReference; lastKnownFileType = sourcecode.swift; path = SecondViewModel.swift; sourceTree = "<group>"; };
		A21A28B42A73FA8D006735FA /* SecondScreen.swift */ = {isa = PBXFileReference; lastKnownFileType = sourcecode.swift; path = SecondScreen.swift; sourceTree = "<group>"; };
		A21A28B62A73FAB7006735FA /* SecondFlowController.swift */ = {isa = PBXFileReference; lastKnownFileType = sourcecode.swift; path = SecondFlowController.swift; sourceTree = "<group>"; };
/* End PBXFileReference section */

/* Begin PBXFrameworksBuildPhase section */
		A21A28722A73F96D006735FA /* Frameworks */ = {
			isa = PBXFrameworksBuildPhase;
			buildActionMask = 2147483647;
			files = (
			);
			runOnlyForDeploymentPostprocessing = 0;
		};
		A21A28822A73F971006735FA /* Frameworks */ = {
			isa = PBXFrameworksBuildPhase;
			buildActionMask = 2147483647;
			files = (
			);
			runOnlyForDeploymentPostprocessing = 0;
		};
		A21A288C2A73F972006735FA /* Frameworks */ = {
			isa = PBXFrameworksBuildPhase;
			buildActionMask = 2147483647;
			files = (
			);
			runOnlyForDeploymentPostprocessing = 0;
		};
/* End PBXFrameworksBuildPhase section */

/* Begin PBXGroup section */
		A21A286C2A73F96D006735FA = {
			isa = PBXGroup;
			children = (
				A21A28772A73F96D006735FA /* FlowControllerModal */,
				A21A28882A73F971006735FA /* FlowControllerModalTests */,
				A21A28922A73F972006735FA /* FlowControllerModalUITests */,
				A21A28762A73F96D006735FA /* Products */,
			);
			sourceTree = "<group>";
		};
		A21A28762A73F96D006735FA /* Products */ = {
			isa = PBXGroup;
			children = (
				A21A28752A73F96D006735FA /* FlowControllerModal.app */,
				A21A28852A73F971006735FA /* FlowControllerModalTests.xctest */,
				A21A288F2A73F972006735FA /* FlowControllerModalUITests.xctest */,
			);
			name = Products;
			sourceTree = "<group>";
		};
		A21A28772A73F96D006735FA /* FlowControllerModal */ = {
			isa = PBXGroup;
			children = (
				A21A28782A73F96D006735FA /* FlowControllerModalApp.swift */,
				A21A287A2A73F96D006735FA /* ContentView.swift */,
				A21A28A22A73F98D006735FA /* FlowController.swift */,
				A21A28A42A73F9BB006735FA /* HostingController.swift */,
				A21A28A62A73F9D6006735FA /* UIViewController+Content.swift */,
				A21A28A82A73F9F7006735FA /* UIViewControllerAdaptor.swift */,
				A21A28AC2A73FA11006735FA /* First */,
				A21A28B12A73FA67006735FA /* Second */,
				A21A287C2A73F971006735FA /* Assets.xcassets */,
				A21A287E2A73F971006735FA /* Preview Content */,
			);
			path = FlowControllerModal;
			sourceTree = "<group>";
		};
		A21A287E2A73F971006735FA /* Preview Content */ = {
			isa = PBXGroup;
			children = (
				A21A287F2A73F971006735FA /* Preview Assets.xcassets */,
			);
			path = "Preview Content";
			sourceTree = "<group>";
		};
		A21A28882A73F971006735FA /* FlowControllerModalTests */ = {
			isa = PBXGroup;
			children = (
				A21A28892A73F971006735FA /* FlowControllerModalTests.swift */,
			);
			path = FlowControllerModalTests;
			sourceTree = "<group>";
		};
		A21A28922A73F972006735FA /* FlowControllerModalUITests */ = {
			isa = PBXGroup;
			children = (
				A21A28932A73F972006735FA /* FlowControllerModalUITests.swift */,
				A21A28952A73F972006735FA /* FlowControllerModalUITestsLaunchTests.swift */,
			);
			path = FlowControllerModalUITests;
			sourceTree = "<group>";
		};
		A21A28AC2A73FA11006735FA /* First */ = {
			isa = PBXGroup;
			children = (
				A21A28AD2A73FA20006735FA /* FirstScreen.swift */,
				A21A28AA2A73FA0C006735FA /* FirstFlowController.swift */,
				A21A28AF2A73FA36006735FA /* FirstViewModel.swift */,
			);
			path = First;
			sourceTree = "<group>";
		};
		A21A28B12A73FA67006735FA /* Second */ = {
			isa = PBXGroup;
			children = (
				A21A28B42A73FA8D006735FA /* SecondScreen.swift */,
				A21A28B62A73FAB7006735FA /* SecondFlowController.swift */,
				A21A28B22A73FA75006735FA /* SecondViewModel.swift */,
			);
			path = Second;
			sourceTree = "<group>";
		};
/* End PBXGroup section */

/* Begin PBXNativeTarget section */
		A21A28742A73F96D006735FA /* FlowControllerModal */ = {
			isa = PBXNativeTarget;
			buildConfigurationList = A21A28992A73F972006735FA /* Build configuration list for PBXNativeTarget "FlowControllerModal" */;
			buildPhases = (
				A21A28712A73F96D006735FA /* Sources */,
				A21A28722A73F96D006735FA /* Frameworks */,
				A21A28732A73F96D006735FA /* Resources */,
			);
			buildRules = (
			);
			dependencies = (
			);
			name = FlowControllerModal;
			productName = FlowControllerModal;
			productReference = A21A28752A73F96D006735FA /* FlowControllerModal.app */;
			productType = "com.apple.product-type.application";
		};
		A21A28842A73F971006735FA /* FlowControllerModalTests */ = {
			isa = PBXNativeTarget;
			buildConfigurationList = A21A289C2A73F972006735FA /* Build configuration list for PBXNativeTarget "FlowControllerModalTests" */;
			buildPhases = (
				A21A28812A73F971006735FA /* Sources */,
				A21A28822A73F971006735FA /* Frameworks */,
				A21A28832A73F971006735FA /* Resources */,
			);
			buildRules = (
			);
			dependencies = (
				A21A28872A73F971006735FA /* PBXTargetDependency */,
			);
			name = FlowControllerModalTests;
			productName = FlowControllerModalTests;
			productReference = A21A28852A73F971006735FA /* FlowControllerModalTests.xctest */;
			productType = "com.apple.product-type.bundle.unit-test";
		};
		A21A288E2A73F972006735FA /* FlowControllerModalUITests */ = {
			isa = PBXNativeTarget;
			buildConfigurationList = A21A289F2A73F972006735FA /* Build configuration list for PBXNativeTarget "FlowControllerModalUITests" */;
			buildPhases = (
				A21A288B2A73F972006735FA /* Sources */,
				A21A288C2A73F972006735FA /* Frameworks */,
				A21A288D2A73F972006735FA /* Resources */,
			);
			buildRules = (
			);
			dependencies = (
				A21A28912A73F972006735FA /* PBXTargetDependency */,
			);
			name = FlowControllerModalUITests;
			productName = FlowControllerModalUITests;
			productReference = A21A288F2A73F972006735FA /* FlowControllerModalUITests.xctest */;
			productType = "com.apple.product-type.bundle.ui-testing";
		};
/* End PBXNativeTarget section */

/* Begin PBXProject section */
		A21A286D2A73F96D006735FA /* Project object */ = {
			isa = PBXProject;
			attributes = {
				BuildIndependentTargetsInParallel = 1;
				LastSwiftUpdateCheck = 1430;
				LastUpgradeCheck = 1430;
				TargetAttributes = {
					A21A28742A73F96D006735FA = {
						CreatedOnToolsVersion = 14.3.1;
					};
					A21A28842A73F971006735FA = {
						CreatedOnToolsVersion = 14.3.1;
						TestTargetID = A21A28742A73F96D006735FA;
					};
					A21A288E2A73F972006735FA = {
						CreatedOnToolsVersion = 14.3.1;
						TestTargetID = A21A28742A73F96D006735FA;
					};
				};
			};
			buildConfigurationList = A21A28702A73F96D006735FA /* Build configuration list for PBXProject "FlowControllerModal" */;
			compatibilityVersion = "Xcode 14.0";
			developmentRegion = en;
			hasScannedForEncodings = 0;
			knownRegions = (
				en,
				Base,
			);
			mainGroup = A21A286C2A73F96D006735FA;
			productRefGroup = A21A28762A73F96D006735FA /* Products */;
			projectDirPath = "";
			projectRoot = "";
			targets = (
				A21A28742A73F96D006735FA /* FlowControllerModal */,
				A21A28842A73F971006735FA /* FlowControllerModalTests */,
				A21A288E2A73F972006735FA /* FlowControllerModalUITests */,
			);
		};
/* End PBXProject section */

/* Begin PBXResourcesBuildPhase section */
		A21A28732A73F96D006735FA /* Resources */ = {
			isa = PBXResourcesBuildPhase;
			buildActionMask = 2147483647;
			files = (
				A21A28802A73F971006735FA /* Preview Assets.xcassets in Resources */,
				A21A287D2A73F971006735FA /* Assets.xcassets in Resources */,
			);
			runOnlyForDeploymentPostprocessing = 0;
		};
		A21A28832A73F971006735FA /* Resources */ = {
			isa = PBXResourcesBuildPhase;
			buildActionMask = 2147483647;
			files = (
			);
			runOnlyForDeploymentPostprocessing = 0;
		};
		A21A288D2A73F972006735FA /* Resources */ = {
			isa = PBXResourcesBuildPhase;
			buildActionMask = 2147483647;
			files = (
			);
			runOnlyForDeploymentPostprocessing = 0;
		};
/* End PBXResourcesBuildPhase section */

/* Begin PBXSourcesBuildPhase section */
		A21A28712A73F96D006735FA /* Sources */ = {
			isa = PBXSourcesBuildPhase;
			buildActionMask = 2147483647;
			files = (
				A21A287B2A73F96D006735FA /* ContentView.swift in Sources */,
				A21A28B02A73FA36006735FA /* FirstViewModel.swift in Sources */,
				A21A28792A73F96D006735FA /* FlowControllerModalApp.swift in Sources */,
				A21A28A72A73F9D6006735FA /* UIViewController+Content.swift in Sources */,
				A21A28A52A73F9BB006735FA /* HostingController.swift in Sources */,
				A21A28B52A73FA8D006735FA /* SecondScreen.swift in Sources */,
				A21A28AE2A73FA20006735FA /* FirstScreen.swift in Sources */,
				A21A28A92A73F9F7006735FA /* UIViewControllerAdaptor.swift in Sources */,
				A21A28A32A73F98D006735FA /* FlowController.swift in Sources */,
				A21A28B72A73FAB7006735FA /* SecondFlowController.swift in Sources */,
				A21A28B32A73FA75006735FA /* SecondViewModel.swift in Sources */,
				A21A28AB2A73FA0C006735FA /* FirstFlowController.swift in Sources */,
			);
			runOnlyForDeploymentPostprocessing = 0;
		};
		A21A28812A73F971006735FA /* Sources */ = {
			isa = PBXSourcesBuildPhase;
			buildActionMask = 2147483647;
			files = (
				A21A288A2A73F971006735FA /* FlowControllerModalTests.swift in Sources */,
			);
			runOnlyForDeploymentPostprocessing = 0;
		};
		A21A288B2A73F972006735FA /* Sources */ = {
			isa = PBXSourcesBuildPhase;
			buildActionMask = 2147483647;
			files = (
				A21A28962A73F972006735FA /* FlowControllerModalUITestsLaunchTests.swift in Sources */,
				A21A28942A73F972006735FA /* FlowControllerModalUITests.swift in Sources */,
			);
			runOnlyForDeploymentPostprocessing = 0;
		};
/* End PBXSourcesBuildPhase section */

/* Begin PBXTargetDependency section */
		A21A28872A73F971006735FA /* PBXTargetDependency */ = {
			isa = PBXTargetDependency;
			target = A21A28742A73F96D006735FA /* FlowControllerModal */;
			targetProxy = A21A28862A73F971006735FA /* PBXContainerItemProxy */;
		};
		A21A28912A73F972006735FA /* PBXTargetDependency */ = {
			isa = PBXTargetDependency;
			target = A21A28742A73F96D006735FA /* FlowControllerModal */;
			targetProxy = A21A28902A73F972006735FA /* PBXContainerItemProxy */;
		};
/* End PBXTargetDependency section */

/* Begin XCBuildConfiguration section */
		A21A28972A73F972006735FA /* Debug */ = {
			isa = XCBuildConfiguration;
			buildSettings = {
				ALWAYS_SEARCH_USER_PATHS = NO;
				CLANG_ANALYZER_NONNULL = YES;
				CLANG_ANALYZER_NUMBER_OBJECT_CONVERSION = YES_AGGRESSIVE;
				CLANG_CXX_LANGUAGE_STANDARD = "gnu++20";
				CLANG_ENABLE_MODULES = YES;
				CLANG_ENABLE_OBJC_ARC = YES;
				CLANG_ENABLE_OBJC_WEAK = YES;
				CLANG_WARN_BLOCK_CAPTURE_AUTORELEASING = YES;
				CLANG_WARN_BOOL_CONVERSION = YES;
				CLANG_WARN_COMMA = YES;
				CLANG_WARN_CONSTANT_CONVERSION = YES;
				CLANG_WARN_DEPRECATED_OBJC_IMPLEMENTATIONS = YES;
				CLANG_WARN_DIRECT_OBJC_ISA_USAGE = YES_ERROR;
				CLANG_WARN_DOCUMENTATION_COMMENTS = YES;
				CLANG_WARN_EMPTY_BODY = YES;
				CLANG_WARN_ENUM_CONVERSION = YES;
				CLANG_WARN_INFINITE_RECURSION = YES;
				CLANG_WARN_INT_CONVERSION = YES;
				CLANG_WARN_NON_LITERAL_NULL_CONVERSION = YES;
				CLANG_WARN_OBJC_IMPLICIT_RETAIN_SELF = YES;
				CLANG_WARN_OBJC_LITERAL_CONVERSION = YES;
				CLANG_WARN_OBJC_ROOT_CLASS = YES_ERROR;
				CLANG_WARN_QUOTED_INCLUDE_IN_FRAMEWORK_HEADER = YES;
				CLANG_WARN_RANGE_LOOP_ANALYSIS = YES;
				CLANG_WARN_STRICT_PROTOTYPES = YES;
				CLANG_WARN_SUSPICIOUS_MOVE = YES;
				CLANG_WARN_UNGUARDED_AVAILABILITY = YES_AGGRESSIVE;
				CLANG_WARN_UNREACHABLE_CODE = YES;
				CLANG_WARN__DUPLICATE_METHOD_MATCH = YES;
				COPY_PHASE_STRIP = NO;
				DEBUG_INFORMATION_FORMAT = dwarf;
				ENABLE_STRICT_OBJC_MSGSEND = YES;
				ENABLE_TESTABILITY = YES;
				GCC_C_LANGUAGE_STANDARD = gnu11;
				GCC_DYNAMIC_NO_PIC = NO;
				GCC_NO_COMMON_BLOCKS = YES;
				GCC_OPTIMIZATION_LEVEL = 0;
				GCC_PREPROCESSOR_DEFINITIONS = (
					"DEBUG=1",
					"$(inherited)",
				);
				GCC_WARN_64_TO_32_BIT_CONVERSION = YES;
				GCC_WARN_ABOUT_RETURN_TYPE = YES_ERROR;
				GCC_WARN_UNDECLARED_SELECTOR = YES;
				GCC_WARN_UNINITIALIZED_AUTOS = YES_AGGRESSIVE;
				GCC_WARN_UNUSED_FUNCTION = YES;
				GCC_WARN_UNUSED_VARIABLE = YES;
				IPHONEOS_DEPLOYMENT_TARGET = 16.4;
				MTL_ENABLE_DEBUG_INFO = INCLUDE_SOURCE;
				MTL_FAST_MATH = YES;
				ONLY_ACTIVE_ARCH = YES;
				SDKROOT = iphoneos;
				SWIFT_ACTIVE_COMPILATION_CONDITIONS = DEBUG;
				SWIFT_OPTIMIZATION_LEVEL = "-Onone";
			};
			name = Debug;
		};
		A21A28982A73F972006735FA /* Release */ = {
			isa = XCBuildConfiguration;
			buildSettings = {
				ALWAYS_SEARCH_USER_PATHS = NO;
				CLANG_ANALYZER_NONNULL = YES;
				CLANG_ANALYZER_NUMBER_OBJECT_CONVERSION = YES_AGGRESSIVE;
				CLANG_CXX_LANGUAGE_STANDARD = "gnu++20";
				CLANG_ENABLE_MODULES = YES;
				CLANG_ENABLE_OBJC_ARC = YES;
				CLANG_ENABLE_OBJC_WEAK = YES;
				CLANG_WARN_BLOCK_CAPTURE_AUTORELEASING = YES;
				CLANG_WARN_BOOL_CONVERSION = YES;
				CLANG_WARN_COMMA = YES;
				CLANG_WARN_CONSTANT_CONVERSION = YES;
				CLANG_WARN_DEPRECATED_OBJC_IMPLEMENTATIONS = YES;
				CLANG_WARN_DIRECT_OBJC_ISA_USAGE = YES_ERROR;
				CLANG_WARN_DOCUMENTATION_COMMENTS = YES;
				CLANG_WARN_EMPTY_BODY = YES;
				CLANG_WARN_ENUM_CONVERSION = YES;
				CLANG_WARN_INFINITE_RECURSION = YES;
				CLANG_WARN_INT_CONVERSION = YES;
				CLANG_WARN_NON_LITERAL_NULL_CONVERSION = YES;
				CLANG_WARN_OBJC_IMPLICIT_RETAIN_SELF = YES;
				CLANG_WARN_OBJC_LITERAL_CONVERSION = YES;
				CLANG_WARN_OBJC_ROOT_CLASS = YES_ERROR;
				CLANG_WARN_QUOTED_INCLUDE_IN_FRAMEWORK_HEADER = YES;
				CLANG_WARN_RANGE_LOOP_ANALYSIS = YES;
				CLANG_WARN_STRICT_PROTOTYPES = YES;
				CLANG_WARN_SUSPICIOUS_MOVE = YES;
				CLANG_WARN_UNGUARDED_AVAILABILITY = YES_AGGRESSIVE;
				CLANG_WARN_UNREACHABLE_CODE = YES;
				CLANG_WARN__DUPLICATE_METHOD_MATCH = YES;
				COPY_PHASE_STRIP = NO;
				DEBUG_INFORMATION_FORMAT = "dwarf-with-dsym";
				ENABLE_NS_ASSERTIONS = NO;
				ENABLE_STRICT_OBJC_MSGSEND = YES;
				GCC_C_LANGUAGE_STANDARD = gnu11;
				GCC_NO_COMMON_BLOCKS = YES;
				GCC_WARN_64_TO_32_BIT_CONVERSION = YES;
				GCC_WARN_ABOUT_RETURN_TYPE = YES_ERROR;
				GCC_WARN_UNDECLARED_SELECTOR = YES;
				GCC_WARN_UNINITIALIZED_AUTOS = YES_AGGRESSIVE;
				GCC_WARN_UNUSED_FUNCTION = YES;
				GCC_WARN_UNUSED_VARIABLE = YES;
				IPHONEOS_DEPLOYMENT_TARGET = 16.4;
				MTL_ENABLE_DEBUG_INFO = NO;
				MTL_FAST_MATH = YES;
				SDKROOT = iphoneos;
				SWIFT_COMPILATION_MODE = wholemodule;
				SWIFT_OPTIMIZATION_LEVEL = "-O";
				VALIDATE_PRODUCT = YES;
			};
			name = Release;
		};
		A21A289A2A73F972006735FA /* Debug */ = {
			isa = XCBuildConfiguration;
			buildSettings = {
				ASSETCATALOG_COMPILER_APPICON_NAME = AppIcon;
				ASSETCATALOG_COMPILER_GLOBAL_ACCENT_COLOR_NAME = AccentColor;
				CODE_SIGN_STYLE = Automatic;
				CURRENT_PROJECT_VERSION = 1;
				DEVELOPMENT_ASSET_PATHS = "\"FlowControllerModal/Preview Content\"";
				DEVELOPMENT_TEAM = 74MPPD64FK;
				ENABLE_PREVIEWS = YES;
				GENERATE_INFOPLIST_FILE = YES;
				INFOPLIST_KEY_UIApplicationSceneManifest_Generation = YES;
				INFOPLIST_KEY_UIApplicationSupportsIndirectInputEvents = YES;
				INFOPLIST_KEY_UILaunchScreen_Generation = YES;
				INFOPLIST_KEY_UISupportedInterfaceOrientations_iPad = "UIInterfaceOrientationPortrait UIInterfaceOrientationPortraitUpsideDown UIInterfaceOrientationLandscapeLeft UIInterfaceOrientationLandscapeRight";
				INFOPLIST_KEY_UISupportedInterfaceOrientations_iPhone = "UIInterfaceOrientationPortrait UIInterfaceOrientationLandscapeLeft UIInterfaceOrientationLandscapeRight";
				LD_RUNPATH_SEARCH_PATHS = (
					"$(inherited)",
					"@executable_path/Frameworks",
				);
				MARKETING_VERSION = 1.0;
				PRODUCT_BUNDLE_IDENTIFIER = com.ryutoiwamoto.FlowControllerModal;
				PRODUCT_NAME = "$(TARGET_NAME)";
				SWIFT_EMIT_LOC_STRINGS = YES;
				SWIFT_VERSION = 5.0;
				TARGETED_DEVICE_FAMILY = "1,2";
			};
			name = Debug;
		};
		A21A289B2A73F972006735FA /* Release */ = {
			isa = XCBuildConfiguration;
			buildSettings = {
				ASSETCATALOG_COMPILER_APPICON_NAME = AppIcon;
				ASSETCATALOG_COMPILER_GLOBAL_ACCENT_COLOR_NAME = AccentColor;
				CODE_SIGN_STYLE = Automatic;
				CURRENT_PROJECT_VERSION = 1;
				DEVELOPMENT_ASSET_PATHS = "\"FlowControllerModal/Preview Content\"";
				DEVELOPMENT_TEAM = 74MPPD64FK;
				ENABLE_PREVIEWS = YES;
				GENERATE_INFOPLIST_FILE = YES;
				INFOPLIST_KEY_UIApplicationSceneManifest_Generation = YES;
				INFOPLIST_KEY_UIApplicationSupportsIndirectInputEvents = YES;
				INFOPLIST_KEY_UILaunchScreen_Generation = YES;
				INFOPLIST_KEY_UISupportedInterfaceOrientations_iPad = "UIInterfaceOrientationPortrait UIInterfaceOrientationPortraitUpsideDown UIInterfaceOrientationLandscapeLeft UIInterfaceOrientationLandscapeRight";
				INFOPLIST_KEY_UISupportedInterfaceOrientations_iPhone = "UIInterfaceOrientationPortrait UIInterfaceOrientationLandscapeLeft UIInterfaceOrientationLandscapeRight";
				LD_RUNPATH_SEARCH_PATHS = (
					"$(inherited)",
					"@executable_path/Frameworks",
				);
				MARKETING_VERSION = 1.0;
				PRODUCT_BUNDLE_IDENTIFIER = com.ryutoiwamoto.FlowControllerModal;
				PRODUCT_NAME = "$(TARGET_NAME)";
				SWIFT_EMIT_LOC_STRINGS = YES;
				SWIFT_VERSION = 5.0;
				TARGETED_DEVICE_FAMILY = "1,2";
			};
			name = Release;
		};
		A21A289D2A73F972006735FA /* Debug */ = {
			isa = XCBuildConfiguration;
			buildSettings = {
				ALWAYS_EMBED_SWIFT_STANDARD_LIBRARIES = YES;
				BUNDLE_LOADER = "$(TEST_HOST)";
				CODE_SIGN_STYLE = Automatic;
				CURRENT_PROJECT_VERSION = 1;
				DEVELOPMENT_TEAM = 74MPPD64FK;
				GENERATE_INFOPLIST_FILE = YES;
				IPHONEOS_DEPLOYMENT_TARGET = 16.4;
				MARKETING_VERSION = 1.0;
				PRODUCT_BUNDLE_IDENTIFIER = com.ryutoiwamoto.FlowControllerModalTests;
				PRODUCT_NAME = "$(TARGET_NAME)";
				SWIFT_EMIT_LOC_STRINGS = NO;
				SWIFT_VERSION = 5.0;
				TARGETED_DEVICE_FAMILY = "1,2";
				TEST_HOST = "$(BUILT_PRODUCTS_DIR)/FlowControllerModal.app/$(BUNDLE_EXECUTABLE_FOLDER_PATH)/FlowControllerModal";
			};
			name = Debug;
		};
		A21A289E2A73F972006735FA /* Release */ = {
			isa = XCBuildConfiguration;
			buildSettings = {
				ALWAYS_EMBED_SWIFT_STANDARD_LIBRARIES = YES;
				BUNDLE_LOADER = "$(TEST_HOST)";
				CODE_SIGN_STYLE = Automatic;
				CURRENT_PROJECT_VERSION = 1;
				DEVELOPMENT_TEAM = 74MPPD64FK;
				GENERATE_INFOPLIST_FILE = YES;
				IPHONEOS_DEPLOYMENT_TARGET = 16.4;
				MARKETING_VERSION = 1.0;
				PRODUCT_BUNDLE_IDENTIFIER = com.ryutoiwamoto.FlowControllerModalTests;
				PRODUCT_NAME = "$(TARGET_NAME)";
				SWIFT_EMIT_LOC_STRINGS = NO;
				SWIFT_VERSION = 5.0;
				TARGETED_DEVICE_FAMILY = "1,2";
				TEST_HOST = "$(BUILT_PRODUCTS_DIR)/FlowControllerModal.app/$(BUNDLE_EXECUTABLE_FOLDER_PATH)/FlowControllerModal";
			};
			name = Release;
		};
		A21A28A02A73F972006735FA /* Debug */ = {
			isa = XCBuildConfiguration;
			buildSettings = {
				ALWAYS_EMBED_SWIFT_STANDARD_LIBRARIES = YES;
				CODE_SIGN_STYLE = Automatic;
				CURRENT_PROJECT_VERSION = 1;
				DEVELOPMENT_TEAM = 74MPPD64FK;
				GENERATE_INFOPLIST_FILE = YES;
				MARKETING_VERSION = 1.0;
				PRODUCT_BUNDLE_IDENTIFIER = com.ryutoiwamoto.FlowControllerModalUITests;
				PRODUCT_NAME = "$(TARGET_NAME)";
				SWIFT_EMIT_LOC_STRINGS = NO;
				SWIFT_VERSION = 5.0;
				TARGETED_DEVICE_FAMILY = "1,2";
				TEST_TARGET_NAME = FlowControllerModal;
			};
			name = Debug;
		};
		A21A28A12A73F972006735FA /* Release */ = {
			isa = XCBuildConfiguration;
			buildSettings = {
				ALWAYS_EMBED_SWIFT_STANDARD_LIBRARIES = YES;
				CODE_SIGN_STYLE = Automatic;
				CURRENT_PROJECT_VERSION = 1;
				DEVELOPMENT_TEAM = 74MPPD64FK;
				GENERATE_INFOPLIST_FILE = YES;
				MARKETING_VERSION = 1.0;
				PRODUCT_BUNDLE_IDENTIFIER = com.ryutoiwamoto.FlowControllerModalUITests;
				PRODUCT_NAME = "$(TARGET_NAME)";
				SWIFT_EMIT_LOC_STRINGS = NO;
				SWIFT_VERSION = 5.0;
				TARGETED_DEVICE_FAMILY = "1,2";
				TEST_TARGET_NAME = FlowControllerModal;
			};
			name = Release;
		};
/* End XCBuildConfiguration section */

/* Begin XCConfigurationList section */
		A21A28702A73F96D006735FA /* Build configuration list for PBXProject "FlowControllerModal" */ = {
			isa = XCConfigurationList;
			buildConfigurations = (
				A21A28972A73F972006735FA /* Debug */,
				A21A28982A73F972006735FA /* Release */,
			);
			defaultConfigurationIsVisible = 0;
			defaultConfigurationName = Release;
		};
		A21A28992A73F972006735FA /* Build configuration list for PBXNativeTarget "FlowControllerModal" */ = {
			isa = XCConfigurationList;
			buildConfigurations = (
				A21A289A2A73F972006735FA /* Debug */,
				A21A289B2A73F972006735FA /* Release */,
			);
			defaultConfigurationIsVisible = 0;
			defaultConfigurationName = Release;
		};
		A21A289C2A73F972006735FA /* Build configuration list for PBXNativeTarget "FlowControllerModalTests" */ = {
			isa = XCConfigurationList;
			buildConfigurations = (
				A21A289D2A73F972006735FA /* Debug */,
				A21A289E2A73F972006735FA /* Release */,
			);
			defaultConfigurationIsVisible = 0;
			defaultConfigurationName = Release;
		};
		A21A289F2A73F972006735FA /* Build configuration list for PBXNativeTarget "FlowControllerModalUITests" */ = {
			isa = XCConfigurationList;
			buildConfigurations = (
				A21A28A02A73F972006735FA /* Debug */,
				A21A28A12A73F972006735FA /* Release */,
			);
			defaultConfigurationIsVisible = 0;
			defaultConfigurationName = Release;
		};
/* End XCConfigurationList section */
	};
	rootObject = A21A286D2A73F96D006735FA /* Project object */;
}
